
Microsoft Visual Studio Solution File, Format Version 12.00
# Visual Studio Version 16
VisualStudioVersion = 16.0.30114.105
MinimumVisualStudioVersion = 10.0.40219.1
Project("{9A19103F-16F7-4668-BE54-9A1E7A4F7556}") = "MelissaWare.Entities", "MelissaWare.Entities\MelissaWare.Entities.csproj", "{06B43F87-578C-491E-9373-B91C7C92E582}"
EndProject
Project("{9A19103F-16F7-4668-BE54-9A1E7A4F7556}") = "MelissaWare.Context", "MelissaWare.Context\MelissaWare.Context.csproj", "{10E9A1BC-4611-43ED-938B-D02D700FBD59}"
EndProject
Project("{FAE04EC0-301F-11D3-BF4B-00C04F79EFBC}") = "MelissaWare.API", "MelissaWare.API\MelissaWare.API.csproj", "{1A8DCCF4-7BA1-4993-9BD6-B5F19C02BC19}"
EndProject
Project("{FAE04EC0-301F-11D3-BF4B-00C04F79EFBC}") = "MelissaWare.Tests", "MelissaWare.Tests\MelissaWare.Tests.csproj", "{6C81BEFD-044D-432F-AF1C-1411ABB56D56}"
EndProject
Project("{9092AA53-FB77-4645-B42D-1CCCA6BD08BD}") = "MelissaWare.Web", "MelissaWare.Web\MelissaWare.Web.njsproj", "{5B381148-149B-4C45-960A-398BF206FFFF}"
EndProject
Global
	GlobalSection(SolutionConfigurationPlatforms) = preSolution
		Debug|Any CPU = Debug|Any CPU
		Release|Any CPU = Release|Any CPU
	EndGlobalSection
	GlobalSection(ProjectConfigurationPlatforms) = postSolution
		{06B43F87-578C-491E-9373-B91C7C92E582}.Debug|Any CPU.ActiveCfg = Debug|Any CPU
		{06B43F87-578C-491E-9373-B91C7C92E582}.Debug|Any CPU.Build.0 = Debug|Any CPU
		{06B43F87-578C-491E-9373-B91C7C92E582}.Release|Any CPU.ActiveCfg = Release|Any CPU
		{06B43F87-578C-491E-9373-B91C7C92E582}.Release|Any CPU.Build.0 = Release|Any CPU
		{10E9A1BC-4611-43ED-938B-D02D700FBD59}.Debug|Any CPU.ActiveCfg = Debug|Any CPU
		{10E9A1BC-4611-43ED-938B-D02D700FBD59}.Debug|Any CPU.Build.0 = Debug|Any CPU
		{10E9A1BC-4611-43ED-938B-D02D700FBD59}.Release|Any CPU.ActiveCfg = Release|Any CPU
		{10E9A1BC-4611-43ED-938B-D02D700FBD59}.Release|Any CPU.Build.0 = Release|Any CPU
		{1A8DCCF4-7BA1-4993-9BD6-B5F19C02BC19}.Debug|Any CPU.ActiveCfg = Debug|Any CPU
		{1A8DCCF4-7BA1-4993-9BD6-B5F19C02BC19}.Debug|Any CPU.Build.0 = Debug|Any CPU
		{1A8DCCF4-7BA1-4993-9BD6-B5F19C02BC19}.Release|Any CPU.ActiveCfg = Release|Any CPU
		{1A8DCCF4-7BA1-4993-9BD6-B5F19C02BC19}.Release|Any CPU.Build.0 = Release|Any CPU
		{6C81BEFD-044D-432F-AF1C-1411ABB56D56}.Debug|Any CPU.ActiveCfg = Debug|Any CPU
		{6C81BEFD-044D-432F-AF1C-1411ABB56D56}.Debug|Any CPU.Build.0 = Debug|Any CPU
		{6C81BEFD-044D-432F-AF1C-1411ABB56D56}.Release|Any CPU.ActiveCfg = Release|Any CPU
		{6C81BEFD-044D-432F-AF1C-1411ABB56D56}.Release|Any CPU.Build.0 = Release|Any CPU
		{5B381148-149B-4C45-960A-398BF206FFFF}.Debug|Any CPU.ActiveCfg = Debug|Any CPU
		{5B381148-149B-4C45-960A-398BF206FFFF}.Debug|Any CPU.Build.0 = Debug|Any CPU
		{5B381148-149B-4C45-960A-398BF206FFFF}.Release|Any CPU.ActiveCfg = Release|Any CPU
		{5B381148-149B-4C45-960A-398BF206FFFF}.Release|Any CPU.Build.0 = Release|Any CPU
	EndGlobalSection
	GlobalSection(SolutionProperties) = preSolution
		HideSolutionNode = FALSE
	EndGlobalSection
	GlobalSection(ExtensibilityGlobals) = postSolution
		SolutionGuid = {E19818D7-7308-467C-BD1B-F416CE333010}
	EndGlobalSection
EndGlobal
